
Microsoft Visual Studio Solution File, Format Version 12.00
# Visual Studio Version 17
VisualStudioVersion = 17.7.34202.233
MinimumVisualStudioVersion = 10.0.40219.1
Project("{9A19103F-16F7-4668-BE54-9A1E7A4F7556}") = "QuizApp-API", "QuizApp-API\QuizApp-API.csproj", "{A5370307-BA38-4F0A-829B-A26D75BC5D09}"
EndProject
Project("{FAE04EC0-301F-11D3-BF4B-00C04F79EFBC}") = "Quiz-App_UI", "Quiz-App_UI\Quiz-App_UI.csproj", "{8161C62E-723E-4EEE-918B-A0EB3E189811}"
EndProject
Global
	GlobalSection(SolutionConfigurationPlatforms) = preSolution
		Debug|Any CPU = Debug|Any CPU
		Release|Any CPU = Release|Any CPU
	EndGlobalSection
	GlobalSection(ProjectConfigurationPlatforms) = postSolution
		{A5370307-BA38-4F0A-829B-A26D75BC5D09}.Debug|Any CPU.ActiveCfg = Debug|Any CPU
		{A5370307-BA38-4F0A-829B-A26D75BC5D09}.Debug|Any CPU.Build.0 = Debug|Any CPU
		{A5370307-BA38-4F0A-829B-A26D75BC5D09}.Release|Any CPU.ActiveCfg = Release|Any CPU
		{A5370307-BA38-4F0A-829B-A26D75BC5D09}.Release|Any CPU.Build.0 = Release|Any CPU
		{8161C62E-723E-4EEE-918B-A0EB3E189811}.Debug|Any CPU.ActiveCfg = Debug|Any CPU
		{8161C62E-723E-4EEE-918B-A0EB3E189811}.Debug|Any CPU.Build.0 = Debug|Any CPU
		{8161C62E-723E-4EEE-918B-A0EB3E189811}.Debug|Any CPU.Deploy.0 = Debug|Any CPU
		{8161C62E-723E-4EEE-918B-A0EB3E189811}.Release|Any CPU.ActiveCfg = Release|Any CPU
		{8161C62E-723E-4EEE-918B-A0EB3E189811}.Release|Any CPU.Build.0 = Release|Any CPU
		{8161C62E-723E-4EEE-918B-A0EB3E189811}.Release|Any CPU.Deploy.0 = Release|Any CPU
	EndGlobalSection
	GlobalSection(SolutionProperties) = preSolution
		HideSolutionNode = FALSE
	EndGlobalSection
	GlobalSection(ExtensibilityGlobals) = postSolution
		SolutionGuid = {F42E69B0-36C5-4796-AE1E-477870B8FFB8}
	EndGlobalSection
EndGlobal
